{
  "nodes": {
    "conch": {
      "inputs": {
        "nixpkgs": [
          "nixpkgs"
        ],
        "nixpkgs-lib": "nixpkgs-lib"
      },
      "locked": {
        "lastModified": 1769627591,
        "narHash": "sha256-YQvoPBQTAe9d8f33GcRHUm3DbQkflqZQESKBmqftTGs=",
        "owner": "mibmo",
        "repo": "conch",
        "rev": "19d564863368e35a0f7ccd6766630e537bfa3aa1",
        "type": "github"
      },
      "original": {
        "owner": "mibmo",
        "repo": "conch",
        "type": "github"
      }
    },
    "conch-rust": {
      "inputs": {
        "conch": [
          "conch"
        ],
        "nixpkgs": [
          "nixpkgs"
        ],
        "rust-overlay": [
          "rust-overlay"
        ]
      },
      "locked": {
        "lastModified": 1756496571,
        "narHash": "sha256-adRBBqNT57nRcDLQzBuLd2WTZHxxOs+JSh17ZYwDJPw=",
        "owner": "mibmo",
        "repo": "conch-rust",
        "rev": "85b43ddc5a14ef15d782430f808b16d34909df80",
        "type": "github"
      },
      "original": {
        "owner": "mibmo",
        "repo": "conch-rust",
        "type": "github"
      }
    },
    "nixpkgs": {
      "locked": {
        "lastModified": 1771177547,
        "narHash": "sha256-trTtk3WTOHz7hSw89xIIvahkgoFJYQ0G43IlqprFoMA=",
        "owner": "nixos",
        "repo": "nixpkgs",
        "rev": "ac055f38c798b0d87695240c7b761b82fc7e5bc2",
        "type": "github"
      },
      "original": {
        "owner": "nixos",
        "ref": "nixpkgs-unstable",
        "repo": "nixpkgs",
        "type": "github"
      }
    },
    "nixpkgs-lib": {
      "locked": {
        "dir": "lib",
        "lastModified": 1745998881,
        "narHash": "sha256-vonyYAKJSlsX4n9GCsS0pHxR6yCrfqBIuGvANlkwG6U=",
        "owner": "nixos",
        "repo": "nixpkgs",
        "rev": "423d2df5b04b4ee7688c3d71396e872afa236a89",
        "type": "github"
      },
      "original": {
        "dir": "lib",
        "owner": "nixos",
        "ref": "nixpkgs-unstable",
        "repo": "nixpkgs",
        "type": "github"
      }
    },
    "root": {
      "inputs": {
        "conch": "conch",
        "conch-rust": "conch-rust",
        "nixpkgs": "nixpkgs",
        "rust-overlay": "rust-overlay"
      }
    },
    "rust-overlay": {
      "inputs": {
        "nixpkgs": [
          "nixpkgs"
        ]
      },
      "locked": {
        "lastModified": 1771384185,
        "narHash": "sha256-KvmjUeA7uODwzbcQoN/B8DCZIbhT/Q/uErF1BBMcYnw=",
        "owner": "oxalica",
        "repo": "rust-overlay",
        "rev": "23dd7fa91602a68bd04847ac41bc10af1e6e2fd2",
        "type": "github"
      },
      "original": {
        "owner": "oxalica",
        "repo": "rust-overlay",
        "type": "github"
      }
    }
  },
  "root": "root",
  "version": 7
}
